
Microsoft Visual Studio Solution File, Format Version 12.00
# Visual Studio Version 17
VisualStudioVersion = 17.14.36401.2 d17.14
MinimumVisualStudioVersion = 10.0.40219.1
Project("{FAE04EC0-301F-11D3-BF4B-00C04F79EFBC}") = "WebPing", "WebPing.csproj", "{CDC8E70A-18B9-336B-85B9-4575893CC782}"
EndProject
Global
	GlobalSection(SolutionConfigurationPlatforms) = preSolution
		Debug|Any CPU = Debug|Any CPU
		Release|Any CPU = Release|Any CPU
	EndGlobalSection
	GlobalSection(ProjectConfigurationPlatforms) = postSolution
		{CDC8E70A-18B9-336B-85B9-4575893CC782}.Debug|Any CPU.ActiveCfg = Debug|Any CPU
		{CDC8E70A-18B9-336B-85B9-4575893CC782}.Debug|Any CPU.Build.0 = Debug|Any CPU
		{CDC8E70A-18B9-336B-85B9-4575893CC782}.Release|Any CPU.ActiveCfg = Release|Any CPU
		{CDC8E70A-18B9-336B-85B9-4575893CC782}.Release|Any CPU.Build.0 = Release|Any CPU
	EndGlobalSection
	GlobalSection(SolutionProperties) = preSolution
		HideSolutionNode = FALSE
	EndGlobalSection
	GlobalSection(ExtensibilityGlobals) = postSolution
		SolutionGuid = {7D525562-4AFB-4342-809A-9CEEB3807473}
	EndGlobalSection
EndGlobal
